
Microsoft Visual Studio Solution File, Format Version 12.00
# Visual Studio Version 17
VisualStudioVersion = 17.0.31903.59
MinimumVisualStudioVersion = 10.0.40219.1
Project("{2150E333-8FDC-42A3-9474-1A3956D46DE8}") = "src", "src", "{3495A4B0-1FB3-4002-A936-CDE59F3667A5}"
EndProject
Project("{FAE04EC0-301F-11D3-BF4B-00C04F79EFBC}") = "WebApiProject", "src\WebApiProject\WebApiProject.csproj", "{E02CD41D-CB9A-41A5-9539-6631B0AA50D7}"
EndProject
Project("{FAE04EC0-301F-11D3-BF4B-00C04F79EFBC}") = "LibraryProject", "src\LibraryProject\LibraryProject.csproj", "{60DEE874-BCB6-402F-B42C-22FBF3BEA322}"
EndProject
Project("{2150E333-8FDC-42A3-9474-1A3956D46DE8}") = "tests", "tests", "{96EFB82A-41ED-49DF-AC89-6342A3E54AFB}"
EndProject
Project("{FAE04EC0-301F-11D3-BF4B-00C04F79EFBC}") = "TestProject", "tests\TestProject\TestProject.csproj", "{12417A05-05AF-42F6-ABEE-2B1E8C79FA39}"
EndProject
Global
	GlobalSection(SolutionConfigurationPlatforms) = preSolution
		Debug|Any CPU = Debug|Any CPU
		Release|Any CPU = Release|Any CPU
	EndGlobalSection
	GlobalSection(SolutionProperties) = preSolution
		HideSolutionNode = FALSE
	EndGlobalSection
	GlobalSection(ProjectConfigurationPlatforms) = postSolution
		{E02CD41D-CB9A-41A5-9539-6631B0AA50D7}.Debug|Any CPU.ActiveCfg = Debug|Any CPU
		{E02CD41D-CB9A-41A5-9539-6631B0AA50D7}.Debug|Any CPU.Build.0 = Debug|Any CPU
		{E02CD41D-CB9A-41A5-9539-6631B0AA50D7}.Release|Any CPU.ActiveCfg = Release|Any CPU
		{E02CD41D-CB9A-41A5-9539-6631B0AA50D7}.Release|Any CPU.Build.0 = Release|Any CPU
		{60DEE874-BCB6-402F-B42C-22FBF3BEA322}.Debug|Any CPU.ActiveCfg = Debug|Any CPU
		{60DEE874-BCB6-402F-B42C-22FBF3BEA322}.Debug|Any CPU.Build.0 = Debug|Any CPU
		{60DEE874-BCB6-402F-B42C-22FBF3BEA322}.Release|Any CPU.ActiveCfg = Release|Any CPU
		{60DEE874-BCB6-402F-B42C-22FBF3BEA322}.Release|Any CPU.Build.0 = Release|Any CPU
		{12417A05-05AF-42F6-ABEE-2B1E8C79FA39}.Debug|Any CPU.ActiveCfg = Debug|Any CPU
		{12417A05-05AF-42F6-ABEE-2B1E8C79FA39}.Debug|Any CPU.Build.0 = Debug|Any CPU
		{12417A05-05AF-42F6-ABEE-2B1E8C79FA39}.Release|Any CPU.ActiveCfg = Release|Any CPU
		{12417A05-05AF-42F6-ABEE-2B1E8C79FA39}.Release|Any CPU.Build.0 = Release|Any CPU
	EndGlobalSection
	GlobalSection(NestedProjects) = preSolution
		{E02CD41D-CB9A-41A5-9539-6631B0AA50D7} = {3495A4B0-1FB3-4002-A936-CDE59F3667A5}
		{60DEE874-BCB6-402F-B42C-22FBF3BEA322} = {3495A4B0-1FB3-4002-A936-CDE59F3667A5}
		{12417A05-05AF-42F6-ABEE-2B1E8C79FA39} = {96EFB82A-41ED-49DF-AC89-6342A3E54AFB}
	EndGlobalSection
EndGlobal
